
Microsoft Visual Studio Solution File, Format Version 12.00
# Visual Studio Version 17
VisualStudioVersion = 17.9.34728.123
MinimumVisualStudioVersion = 10.0.40219.1
Project("{9A19103F-16F7-4668-BE54-9A1E7A4F7556}") = "BsBlazor", "BsBlazor\BsBlazor.csproj", "{D462E946-914E-4E26-B2B0-9D046F988B13}"
EndProject
Project("{2150E333-8FDC-42A3-9474-1A3956D46DE8}") = "_Root", "_Root", "{A63AB313-0D66-47D5-A56F-301EBD7B54C6}"
	ProjectSection(SolutionItems) = preProject
		LICENSE.txt = LICENSE.txt
		README.md = README.md
	EndProjectSection
EndProject
Project("{2150E333-8FDC-42A3-9474-1A3956D46DE8}") = "Demo", "Demo", "{BE215E12-345F-4EC9-8AF4-C7F0395468FC}"
EndProject
Project("{9A19103F-16F7-4668-BE54-9A1E7A4F7556}") = "BsBlazor.Demo.Client", "Demo\Client\BsBlazor.Demo.Client.csproj", "{B48BA925-9FA4-4163-9996-89F800B2A985}"
EndProject
Project("{9A19103F-16F7-4668-BE54-9A1E7A4F7556}") = "BsBlazor.Demo.Server", "Demo\Server\BsBlazor.Demo.Server.csproj", "{8653ADFE-7459-407E-A8FF-1A79A0F86E2D}"
EndProject
Global
	GlobalSection(SolutionConfigurationPlatforms) = preSolution
		Debug|Any CPU = Debug|Any CPU
		Release|Any CPU = Release|Any CPU
	EndGlobalSection
	GlobalSection(ProjectConfigurationPlatforms) = postSolution
		{D462E946-914E-4E26-B2B0-9D046F988B13}.Debug|Any CPU.ActiveCfg = Debug|Any CPU
		{D462E946-914E-4E26-B2B0-9D046F988B13}.Debug|Any CPU.Build.0 = Debug|Any CPU
		{D462E946-914E-4E26-B2B0-9D046F988B13}.Release|Any CPU.ActiveCfg = Release|Any CPU
		{D462E946-914E-4E26-B2B0-9D046F988B13}.Release|Any CPU.Build.0 = Release|Any CPU
		{B48BA925-9FA4-4163-9996-89F800B2A985}.Debug|Any CPU.ActiveCfg = Debug|Any CPU
		{B48BA925-9FA4-4163-9996-89F800B2A985}.Debug|Any CPU.Build.0 = Debug|Any CPU
		{B48BA925-9FA4-4163-9996-89F800B2A985}.Release|Any CPU.ActiveCfg = Release|Any CPU
		{B48BA925-9FA4-4163-9996-89F800B2A985}.Release|Any CPU.Build.0 = Release|Any CPU
		{8653ADFE-7459-407E-A8FF-1A79A0F86E2D}.Debug|Any CPU.ActiveCfg = Debug|Any CPU
		{8653ADFE-7459-407E-A8FF-1A79A0F86E2D}.Debug|Any CPU.Build.0 = Debug|Any CPU
		{8653ADFE-7459-407E-A8FF-1A79A0F86E2D}.Release|Any CPU.ActiveCfg = Release|Any CPU
		{8653ADFE-7459-407E-A8FF-1A79A0F86E2D}.Release|Any CPU.Build.0 = Release|Any CPU
	EndGlobalSection
	GlobalSection(SolutionProperties) = preSolution
		HideSolutionNode = FALSE
	EndGlobalSection
	GlobalSection(NestedProjects) = preSolution
		{B48BA925-9FA4-4163-9996-89F800B2A985} = {BE215E12-345F-4EC9-8AF4-C7F0395468FC}
		{8653ADFE-7459-407E-A8FF-1A79A0F86E2D} = {BE215E12-345F-4EC9-8AF4-C7F0395468FC}
	EndGlobalSection
	GlobalSection(ExtensibilityGlobals) = postSolution
		SolutionGuid = {C49D7FCF-AC49-4174-9D25-377F49139BD1}
	EndGlobalSection
EndGlobal
