
Microsoft Visual Studio Solution File, Format Version 12.00
# Visual Studio Version 17
VisualStudioVersion = 17.9.34728.123
MinimumVisualStudioVersion = 10.0.40219.1
Project("{9A19103F-16F7-4668-BE54-9A1E7A4F7556}") = "BsBlazor", "BsBlazor\BsBlazor.csproj", "{D462E946-914E-4E26-B2B0-9D046F988B13}"
EndProject
Project("{2150E333-8FDC-42A3-9474-1A3956D46DE8}") = "_Root", "_Root", "{A63AB313-0D66-47D5-A56F-301EBD7B54C6}"
	ProjectSection(SolutionItems) = preProject
		LICENSE.txt = LICENSE.txt
		README.md = README.md
	EndProjectSection
EndProject
Project("{2150E333-8FDC-42A3-9474-1A3956D46DE8}") = "Demo", "Demo", "{BE215E12-345F-4EC9-8AF4-C7F0395468FC}"
EndProject
Project("{9A19103F-16F7-4668-BE54-9A1E7A4F7556}") = "BsBlazor.Demo.Client", "Demo\Client\BsBlazor.Demo.Client.csproj", "{B48BA925-9FA4-4163-9996-89F800B2A985}"
EndProject
Project("{9A19103F-16F7-4668-BE54-9A1E7A4F7556}") = "BsBlazor.Demo.Server", "Demo\Server\BsBlazor.Demo.Server.csproj", "{8653ADFE-7459-407E-A8FF-1A79A0F86E2D}"
EndProject
Project("{2150E333-8FDC-42A3-9474-1A3956D46DE8}") = "Kit", "Kit", "{B242B5E5-8CD9-4D4B-A56A-9CAFD1036CE1}"
EndProject
Project("{2150E333-8FDC-42A3-9474-1A3956D46DE8}") = "Plus", "Plus", "{0B44711F-B305-4573-A062-CA0A0F2F14B2}"
EndProject
Project("{9A19103F-16F7-4668-BE54-9A1E7A4F7556}") = "BsBlazor.Plus", "Plus\BsBlazor.Plus.csproj", "{5DA1D03E-0DD4-469C-B4F3-3F79915E7005}"
EndProject
Project("{9A19103F-16F7-4668-BE54-9A1E7A4F7556}") = "BlazorDevKit", "Kit\Full\BlazorDevKit.csproj", "{DF1370BC-68C6-439F-893F-7690BDD0539E}"
EndProject
Project("{9A19103F-16F7-4668-BE54-9A1E7A4F7556}") = "BlazorDevKit.FluentValidation", "Kit\FluentValidation\BlazorDevKit.FluentValidation.csproj", "{11451FD2-2DF1-446C-B2D4-98C8525B902A}"
EndProject
Project("{FAE04EC0-301F-11D3-BF4B-00C04F79EFBC}") = "BlazorDevKit.Core", "Kit\Core\BlazorDevKit.Core.csproj", "{FC215012-A39E-4183-8C8B-5B6209D5F396}"
EndProject
Global
	GlobalSection(SolutionConfigurationPlatforms) = preSolution
		Debug|Any CPU = Debug|Any CPU
		Release|Any CPU = Release|Any CPU
	EndGlobalSection
	GlobalSection(ProjectConfigurationPlatforms) = postSolution
		{D462E946-914E-4E26-B2B0-9D046F988B13}.Debug|Any CPU.ActiveCfg = Debug|Any CPU
		{D462E946-914E-4E26-B2B0-9D046F988B13}.Debug|Any CPU.Build.0 = Debug|Any CPU
		{D462E946-914E-4E26-B2B0-9D046F988B13}.Release|Any CPU.ActiveCfg = Release|Any CPU
		{D462E946-914E-4E26-B2B0-9D046F988B13}.Release|Any CPU.Build.0 = Release|Any CPU
		{B48BA925-9FA4-4163-9996-89F800B2A985}.Debug|Any CPU.ActiveCfg = Debug|Any CPU
		{B48BA925-9FA4-4163-9996-89F800B2A985}.Debug|Any CPU.Build.0 = Debug|Any CPU
		{B48BA925-9FA4-4163-9996-89F800B2A985}.Release|Any CPU.ActiveCfg = Release|Any CPU
		{B48BA925-9FA4-4163-9996-89F800B2A985}.Release|Any CPU.Build.0 = Release|Any CPU
		{8653ADFE-7459-407E-A8FF-1A79A0F86E2D}.Debug|Any CPU.ActiveCfg = Debug|Any CPU
		{8653ADFE-7459-407E-A8FF-1A79A0F86E2D}.Debug|Any CPU.Build.0 = Debug|Any CPU
		{8653ADFE-7459-407E-A8FF-1A79A0F86E2D}.Release|Any CPU.ActiveCfg = Release|Any CPU
		{8653ADFE-7459-407E-A8FF-1A79A0F86E2D}.Release|Any CPU.Build.0 = Release|Any CPU
		{5DA1D03E-0DD4-469C-B4F3-3F79915E7005}.Debug|Any CPU.ActiveCfg = Debug|Any CPU
		{5DA1D03E-0DD4-469C-B4F3-3F79915E7005}.Debug|Any CPU.Build.0 = Debug|Any CPU
		{5DA1D03E-0DD4-469C-B4F3-3F79915E7005}.Release|Any CPU.ActiveCfg = Release|Any CPU
		{5DA1D03E-0DD4-469C-B4F3-3F79915E7005}.Release|Any CPU.Build.0 = Release|Any CPU
		{DF1370BC-68C6-439F-893F-7690BDD0539E}.Debug|Any CPU.ActiveCfg = Debug|Any CPU
		{DF1370BC-68C6-439F-893F-7690BDD0539E}.Debug|Any CPU.Build.0 = Debug|Any CPU
		{DF1370BC-68C6-439F-893F-7690BDD0539E}.Release|Any CPU.ActiveCfg = Release|Any CPU
		{DF1370BC-68C6-439F-893F-7690BDD0539E}.Release|Any CPU.Build.0 = Release|Any CPU
		{11451FD2-2DF1-446C-B2D4-98C8525B902A}.Debug|Any CPU.ActiveCfg = Debug|Any CPU
		{11451FD2-2DF1-446C-B2D4-98C8525B902A}.Debug|Any CPU.Build.0 = Debug|Any CPU
		{11451FD2-2DF1-446C-B2D4-98C8525B902A}.Release|Any CPU.ActiveCfg = Release|Any CPU
		{11451FD2-2DF1-446C-B2D4-98C8525B902A}.Release|Any CPU.Build.0 = Release|Any CPU
		{FC215012-A39E-4183-8C8B-5B6209D5F396}.Debug|Any CPU.ActiveCfg = Debug|Any CPU
		{FC215012-A39E-4183-8C8B-5B6209D5F396}.Debug|Any CPU.Build.0 = Debug|Any CPU
		{FC215012-A39E-4183-8C8B-5B6209D5F396}.Release|Any CPU.ActiveCfg = Release|Any CPU
		{FC215012-A39E-4183-8C8B-5B6209D5F396}.Release|Any CPU.Build.0 = Release|Any CPU
	EndGlobalSection
	GlobalSection(SolutionProperties) = preSolution
		HideSolutionNode = FALSE
	EndGlobalSection
	GlobalSection(NestedProjects) = preSolution
		{B48BA925-9FA4-4163-9996-89F800B2A985} = {BE215E12-345F-4EC9-8AF4-C7F0395468FC}
		{8653ADFE-7459-407E-A8FF-1A79A0F86E2D} = {BE215E12-345F-4EC9-8AF4-C7F0395468FC}
		{5DA1D03E-0DD4-469C-B4F3-3F79915E7005} = {0B44711F-B305-4573-A062-CA0A0F2F14B2}
		{DF1370BC-68C6-439F-893F-7690BDD0539E} = {B242B5E5-8CD9-4D4B-A56A-9CAFD1036CE1}
		{11451FD2-2DF1-446C-B2D4-98C8525B902A} = {B242B5E5-8CD9-4D4B-A56A-9CAFD1036CE1}
		{FC215012-A39E-4183-8C8B-5B6209D5F396} = {B242B5E5-8CD9-4D4B-A56A-9CAFD1036CE1}
	EndGlobalSection
	GlobalSection(ExtensibilityGlobals) = postSolution
		SolutionGuid = {C49D7FCF-AC49-4174-9D25-377F49139BD1}
	EndGlobalSection
EndGlobal
